
Microsoft Visual Studio Solution File, Format Version 12.00
Project("{FAE04EC0-301F-11D3-BF4B-00C04F79EFBC}") = "Magnus.Api", "Magnus.Api\Magnus.Api.csproj", "{2A92A5F5-414E-4ECB-84B2-FA74822F96E1}"
EndProject
Project("{FAE04EC0-301F-11D3-BF4B-00C04F79EFBC}") = "Magnus.Domain", "Magnus.Domain\Magnus.Domain.csproj", "{FD98C79E-817D-4FC5-8D5B-B2B353B594DC}"
EndProject
Project("{FAE04EC0-301F-11D3-BF4B-00C04F79EFBC}") = "Magnus.Application", "Magnus.Application\Magnus.Application.csproj", "{4F290F87-B6BE-4DA2-AD3E-4292DFCD5359}"
EndProject
Project("{FAE04EC0-301F-11D3-BF4B-00C04F79EFBC}") = "Magnus.Infrastructure", "Magnus.Infrastructure\Magnus.Infrastructure.csproj", "{72E1860D-8810-4E50-99C2-D9518557AB98}"
EndProject
Project("{2150E333-8FDC-42A3-9474-1A3956D46DE8}") = ".gitignore", ".gitignore", "{7C261286-8F0F-4024-9369-F631D7DA18D8}"
EndProject
Project("{FAE04EC0-301F-11D3-BF4B-00C04F79EFBC}") = "Magnus.ArchTests", "Magnus.ArchTests\Magnus.ArchTests.csproj", "{31F61FD2-AA0E-45EA-B86D-E27C192656DF}"
EndProject
Global
	GlobalSection(SolutionConfigurationPlatforms) = preSolution
		Debug|Any CPU = Debug|Any CPU
		Debug|x64 = Debug|x64
		Debug|x86 = Debug|x86
		Release|Any CPU = Release|Any CPU
		Release|x64 = Release|x64
		Release|x86 = Release|x86
	EndGlobalSection
	GlobalSection(ProjectConfigurationPlatforms) = postSolution
		{2A92A5F5-414E-4ECB-84B2-FA74822F96E1}.Debug|Any CPU.ActiveCfg = Debug|Any CPU
		{2A92A5F5-414E-4ECB-84B2-FA74822F96E1}.Debug|Any CPU.Build.0 = Debug|Any CPU
		{2A92A5F5-414E-4ECB-84B2-FA74822F96E1}.Debug|x64.ActiveCfg = Debug|Any CPU
		{2A92A5F5-414E-4ECB-84B2-FA74822F96E1}.Debug|x64.Build.0 = Debug|Any CPU
		{2A92A5F5-414E-4ECB-84B2-FA74822F96E1}.Debug|x86.ActiveCfg = Debug|Any CPU
		{2A92A5F5-414E-4ECB-84B2-FA74822F96E1}.Debug|x86.Build.0 = Debug|Any CPU
		{2A92A5F5-414E-4ECB-84B2-FA74822F96E1}.Release|Any CPU.ActiveCfg = Release|Any CPU
		{2A92A5F5-414E-4ECB-84B2-FA74822F96E1}.Release|Any CPU.Build.0 = Release|Any CPU
		{2A92A5F5-414E-4ECB-84B2-FA74822F96E1}.Release|x64.ActiveCfg = Release|Any CPU
		{2A92A5F5-414E-4ECB-84B2-FA74822F96E1}.Release|x64.Build.0 = Release|Any CPU
		{2A92A5F5-414E-4ECB-84B2-FA74822F96E1}.Release|x86.ActiveCfg = Release|Any CPU
		{2A92A5F5-414E-4ECB-84B2-FA74822F96E1}.Release|x86.Build.0 = Release|Any CPU
		{FD98C79E-817D-4FC5-8D5B-B2B353B594DC}.Debug|Any CPU.ActiveCfg = Debug|Any CPU
		{FD98C79E-817D-4FC5-8D5B-B2B353B594DC}.Debug|Any CPU.Build.0 = Debug|Any CPU
		{FD98C79E-817D-4FC5-8D5B-B2B353B594DC}.Debug|x64.ActiveCfg = Debug|Any CPU
		{FD98C79E-817D-4FC5-8D5B-B2B353B594DC}.Debug|x64.Build.0 = Debug|Any CPU
		{FD98C79E-817D-4FC5-8D5B-B2B353B594DC}.Debug|x86.ActiveCfg = Debug|Any CPU
		{FD98C79E-817D-4FC5-8D5B-B2B353B594DC}.Debug|x86.Build.0 = Debug|Any CPU
		{FD98C79E-817D-4FC5-8D5B-B2B353B594DC}.Release|Any CPU.ActiveCfg = Release|Any CPU
		{FD98C79E-817D-4FC5-8D5B-B2B353B594DC}.Release|Any CPU.Build.0 = Release|Any CPU
		{FD98C79E-817D-4FC5-8D5B-B2B353B594DC}.Release|x64.ActiveCfg = Release|Any CPU
		{FD98C79E-817D-4FC5-8D5B-B2B353B594DC}.Release|x64.Build.0 = Release|Any CPU
		{FD98C79E-817D-4FC5-8D5B-B2B353B594DC}.Release|x86.ActiveCfg = Release|Any CPU
		{FD98C79E-817D-4FC5-8D5B-B2B353B594DC}.Release|x86.Build.0 = Release|Any CPU
		{4F290F87-B6BE-4DA2-AD3E-4292DFCD5359}.Debug|Any CPU.ActiveCfg = Debug|Any CPU
		{4F290F87-B6BE-4DA2-AD3E-4292DFCD5359}.Debug|Any CPU.Build.0 = Debug|Any CPU
		{4F290F87-B6BE-4DA2-AD3E-4292DFCD5359}.Debug|x64.ActiveCfg = Debug|Any CPU
		{4F290F87-B6BE-4DA2-AD3E-4292DFCD5359}.Debug|x64.Build.0 = Debug|Any CPU
		{4F290F87-B6BE-4DA2-AD3E-4292DFCD5359}.Debug|x86.ActiveCfg = Debug|Any CPU
		{4F290F87-B6BE-4DA2-AD3E-4292DFCD5359}.Debug|x86.Build.0 = Debug|Any CPU
		{4F290F87-B6BE-4DA2-AD3E-4292DFCD5359}.Release|Any CPU.ActiveCfg = Release|Any CPU
		{4F290F87-B6BE-4DA2-AD3E-4292DFCD5359}.Release|Any CPU.Build.0 = Release|Any CPU
		{4F290F87-B6BE-4DA2-AD3E-4292DFCD5359}.Release|x64.ActiveCfg = Release|Any CPU
		{4F290F87-B6BE-4DA2-AD3E-4292DFCD5359}.Release|x64.Build.0 = Release|Any CPU
		{4F290F87-B6BE-4DA2-AD3E-4292DFCD5359}.Release|x86.ActiveCfg = Release|Any CPU
		{4F290F87-B6BE-4DA2-AD3E-4292DFCD5359}.Release|x86.Build.0 = Release|Any CPU
		{72E1860D-8810-4E50-99C2-D9518557AB98}.Debug|Any CPU.ActiveCfg = Debug|Any CPU
		{72E1860D-8810-4E50-99C2-D9518557AB98}.Debug|Any CPU.Build.0 = Debug|Any CPU
		{72E1860D-8810-4E50-99C2-D9518557AB98}.Debug|x64.ActiveCfg = Debug|Any CPU
		{72E1860D-8810-4E50-99C2-D9518557AB98}.Debug|x64.Build.0 = Debug|Any CPU
		{72E1860D-8810-4E50-99C2-D9518557AB98}.Debug|x86.ActiveCfg = Debug|Any CPU
		{72E1860D-8810-4E50-99C2-D9518557AB98}.Debug|x86.Build.0 = Debug|Any CPU
		{72E1860D-8810-4E50-99C2-D9518557AB98}.Release|Any CPU.ActiveCfg = Release|Any CPU
		{72E1860D-8810-4E50-99C2-D9518557AB98}.Release|Any CPU.Build.0 = Release|Any CPU
		{72E1860D-8810-4E50-99C2-D9518557AB98}.Release|x64.ActiveCfg = Release|Any CPU
		{72E1860D-8810-4E50-99C2-D9518557AB98}.Release|x64.Build.0 = Release|Any CPU
		{72E1860D-8810-4E50-99C2-D9518557AB98}.Release|x86.ActiveCfg = Release|Any CPU
		{72E1860D-8810-4E50-99C2-D9518557AB98}.Release|x86.Build.0 = Release|Any CPU
		{31F61FD2-AA0E-45EA-B86D-E27C192656DF}.Debug|Any CPU.ActiveCfg = Debug|Any CPU
		{31F61FD2-AA0E-45EA-B86D-E27C192656DF}.Debug|Any CPU.Build.0 = Debug|Any CPU
		{31F61FD2-AA0E-45EA-B86D-E27C192656DF}.Debug|x64.ActiveCfg = Debug|Any CPU
		{31F61FD2-AA0E-45EA-B86D-E27C192656DF}.Debug|x64.Build.0 = Debug|Any CPU
		{31F61FD2-AA0E-45EA-B86D-E27C192656DF}.Debug|x86.ActiveCfg = Debug|Any CPU
		{31F61FD2-AA0E-45EA-B86D-E27C192656DF}.Debug|x86.Build.0 = Debug|Any CPU
		{31F61FD2-AA0E-45EA-B86D-E27C192656DF}.Release|Any CPU.ActiveCfg = Release|Any CPU
		{31F61FD2-AA0E-45EA-B86D-E27C192656DF}.Release|Any CPU.Build.0 = Release|Any CPU
		{31F61FD2-AA0E-45EA-B86D-E27C192656DF}.Release|x64.ActiveCfg = Release|Any CPU
		{31F61FD2-AA0E-45EA-B86D-E27C192656DF}.Release|x64.Build.0 = Release|Any CPU
		{31F61FD2-AA0E-45EA-B86D-E27C192656DF}.Release|x86.ActiveCfg = Release|Any CPU
		{31F61FD2-AA0E-45EA-B86D-E27C192656DF}.Release|x86.Build.0 = Release|Any CPU
	EndGlobalSection
	GlobalSection(SolutionProperties) = preSolution
		HideSolutionNode = FALSE
	EndGlobalSection
EndGlobal
